
Microsoft Visual Studio Solution File, Format Version 12.00
# Visual Studio 2017
Project("{FAE04EC0-301F-11D3-BF4B-00C04F79EFBC}") = "test11", "test11.csproj", "{193FA253-D518-34C5-354B-F75D62864A89}"
EndProject
Project("{FAE04EC0-301F-11D3-BF4B-00C04F79EFBC}") = "test11.Editor", "test11.Editor.csproj", "{9B6B5453-A614-1BE1-03F1-D1CCBD8E2110}"
EndProject
Global
	GlobalSection(SolutionConfigurationPlatforms) = preSolution
		Debug|Any CPU = Debug|Any CPU
		Release|Any CPU = Release|Any CPU
	EndGlobalSection
	GlobalSection(ProjectConfigurationPlatforms) = postSolution
		{193FA253-D518-34C5-354B-F75D62864A89}.Debug|Any CPU.ActiveCfg = Debug|Any CPU
		{193FA253-D518-34C5-354B-F75D62864A89}.Debug|Any CPU.Build.0 = Debug|Any CPU
		{193FA253-D518-34C5-354B-F75D62864A89}.Release|Any CPU.ActiveCfg = Release|Any CPU
		{193FA253-D518-34C5-354B-F75D62864A89}.Release|Any CPU.Build.0 = Release|Any CPU
		{9B6B5453-A614-1BE1-03F1-D1CCBD8E2110}.Debug|Any CPU.ActiveCfg = Debug|Any CPU
		{9B6B5453-A614-1BE1-03F1-D1CCBD8E2110}.Debug|Any CPU.Build.0 = Debug|Any CPU
		{9B6B5453-A614-1BE1-03F1-D1CCBD8E2110}.Release|Any CPU.ActiveCfg = Release|Any CPU
		{9B6B5453-A614-1BE1-03F1-D1CCBD8E2110}.Release|Any CPU.Build.0 = Release|Any CPU
	EndGlobalSection
	GlobalSection(SolutionProperties) = preSolution
		HideSolutionNode = FALSE
	EndGlobalSection
EndGlobal
